
Microsoft Visual Studio Solution File, Format Version 12.00
# Visual Studio Version 16
VisualStudioVersion = 16.0.29905.134
MinimumVisualStudioVersion = 10.0.40219.1
Project("{F184B08F-C81C-45F6-A57F-5ABD9991F28F}") = "tareaBaseDeDatos", "tareaBaseDeDatos\tareaBaseDeDatos.vbproj", "{90C41171-1E54-471A-AFEF-1D59A3171EF8}"
EndProject
Global
	GlobalSection(SolutionConfigurationPlatforms) = preSolution
		Debug|Any CPU = Debug|Any CPU
		Release|Any CPU = Release|Any CPU
	EndGlobalSection
	GlobalSection(ProjectConfigurationPlatforms) = postSolution
		{90C41171-1E54-471A-AFEF-1D59A3171EF8}.Debug|Any CPU.ActiveCfg = Debug|Any CPU
		{90C41171-1E54-471A-AFEF-1D59A3171EF8}.Debug|Any CPU.Build.0 = Debug|Any CPU
		{90C41171-1E54-471A-AFEF-1D59A3171EF8}.Release|Any CPU.ActiveCfg = Release|Any CPU
		{90C41171-1E54-471A-AFEF-1D59A3171EF8}.Release|Any CPU.Build.0 = Release|Any CPU
	EndGlobalSection
	GlobalSection(SolutionProperties) = preSolution
		HideSolutionNode = FALSE
	EndGlobalSection
	GlobalSection(ExtensibilityGlobals) = postSolution
		SolutionGuid = {D94AFE9D-55FC-4A5B-82CC-72F69B3ABA86}
	EndGlobalSection
EndGlobal
